
Microsoft Visual Studio Solution File, Format Version 12.00
# Visual Studio 15
VisualStudioVersion = 15.0.28010.2016
MinimumVisualStudioVersion = 10.0.40219.1
Project("{8BC9CEB8-8B4A-11D0-8D11-00A0C91BC942}") = "Project1", "Project1\Project1.vcxproj", "{283C2CD6-46D6-4EE5-9795-629CBF4C35F6}"
EndProject
Project("{8BC9CEB8-8B4A-11D0-8D11-00A0C91BC942}") = "Testing", "Testing\Testing.vcxproj", "{2B49B3F8-5A23-4BC3-8A77-189C0B2B9671}"
	ProjectSection(ProjectDependencies) = postProject
		{283C2CD6-46D6-4EE5-9795-629CBF4C35F6} = {283C2CD6-46D6-4EE5-9795-629CBF4C35F6}
	EndProjectSection
EndProject
Global
	GlobalSection(SolutionConfigurationPlatforms) = preSolution
		Debug|x64 = Debug|x64
		Debug|x86 = Debug|x86
		Release|x64 = Release|x64
		Release|x86 = Release|x86
	EndGlobalSection
	GlobalSection(ProjectConfigurationPlatforms) = postSolution
		{283C2CD6-46D6-4EE5-9795-629CBF4C35F6}.Debug|x64.ActiveCfg = Debug|x64
		{283C2CD6-46D6-4EE5-9795-629CBF4C35F6}.Debug|x64.Build.0 = Debug|x64
		{283C2CD6-46D6-4EE5-9795-629CBF4C35F6}.Debug|x86.ActiveCfg = Debug|Win32
		{283C2CD6-46D6-4EE5-9795-629CBF4C35F6}.Debug|x86.Build.0 = Debug|Win32
		{283C2CD6-46D6-4EE5-9795-629CBF4C35F6}.Release|x64.ActiveCfg = Release|x64
		{283C2CD6-46D6-4EE5-9795-629CBF4C35F6}.Release|x64.Build.0 = Release|x64
		{283C2CD6-46D6-4EE5-9795-629CBF4C35F6}.Release|x86.ActiveCfg = Release|Win32
		{283C2CD6-46D6-4EE5-9795-629CBF4C35F6}.Release|x86.Build.0 = Release|Win32
		{2B49B3F8-5A23-4BC3-8A77-189C0B2B9671}.Debug|x64.ActiveCfg = Debug|Win32
		{2B49B3F8-5A23-4BC3-8A77-189C0B2B9671}.Debug|x86.ActiveCfg = Debug|Win32
		{2B49B3F8-5A23-4BC3-8A77-189C0B2B9671}.Debug|x86.Build.0 = Debug|Win32
		{2B49B3F8-5A23-4BC3-8A77-189C0B2B9671}.Release|x64.ActiveCfg = Release|Win32
		{2B49B3F8-5A23-4BC3-8A77-189C0B2B9671}.Release|x86.ActiveCfg = Release|Win32
		{2B49B3F8-5A23-4BC3-8A77-189C0B2B9671}.Release|x86.Build.0 = Release|Win32
	EndGlobalSection
	GlobalSection(SolutionProperties) = preSolution
		HideSolutionNode = FALSE
	EndGlobalSection
	GlobalSection(ExtensibilityGlobals) = postSolution
		SolutionGuid = {952F62FC-B413-4EDB-AD7D-E0788CD216F6}
	EndGlobalSection
EndGlobal
